// !$*UTF8*$!
{
	archiveVersion = 1;
	classes = {
	};
	objectVersion = 46;
	objects = {

/* Begin PBXBuildFile section */
		520730B51F5C4EB300C95CD6 /* AppDelegate.swift in Sources */ = {isa = PBXBuildFile; fileRef = 520730B41F5C4EB300C95CD6 /* AppDelegate.swift */; };
		520730B71F5C4EB300C95CD6 /* ViewController.swift in Sources */ = {isa = PBXBuildFile; fileRef = 520730B61F5C4EB300C95CD6 /* ViewController.swift */; };
		520730BA1F5C4EB300C95CD6 /* Main.storyboard in Resources */ = {isa = PBXBuildFile; fileRef = 520730B81F5C4EB300C95CD6 /* Main.storyboard */; };
		520730BC1F5C4EB300C95CD6 /* Assets.xcassets in Resources */ = {isa = PBXBuildFile; fileRef = 520730BB1F5C4EB300C95CD6 /* Assets.xcassets */; };
		520730BF1F5C4EB300C95CD6 /* LaunchScreen.storyboard in Resources */ = {isa = PBXBuildFile; fileRef = 520730BD1F5C4EB300C95CD6 /* LaunchScreen.storyboard */; };
		520730CA1F5C4EB300C95CD6 /* ICUPetTests.swift in Sources */ = {isa = PBXBuildFile; fileRef = 520730C91F5C4EB300C95CD6 /* ICUPetTests.swift */; };
		520730D51F5C4EB300C95CD6 /* ICUPetUITests.swift in Sources */ = {isa = PBXBuildFile; fileRef = 520730D41F5C4EB300C95CD6 /* ICUPetUITests.swift */; };
		520730E41F5C639100C95CD6 /* MapKit.framework in Frameworks */ = {isa = PBXBuildFile; fileRef = 520730E31F5C639100C95CD6 /* MapKit.framework */; };
		520730E61F5C63AE00C95CD6 /* CoreLocation.framework in Frameworks */ = {isa = PBXBuildFile; fileRef = 520730E51F5C63AE00C95CD6 /* CoreLocation.framework */; };
		520730E81F5C6BE400C95CD6 /* CoreTelephony.framework in Frameworks */ = {isa = PBXBuildFile; fileRef = 520730E71F5C6BE400C95CD6 /* CoreTelephony.framework */; };
		520730EA1F5C6C1800C95CD6 /* OpenGLES.framework in Frameworks */ = {isa = PBXBuildFile; fileRef = 520730E91F5C6C1800C95CD6 /* OpenGLES.framework */; };
		520730EC1F5C6C2100C95CD6 /* GLKit.framework in Frameworks */ = {isa = PBXBuildFile; fileRef = 520730EB1F5C6C2100C95CD6 /* GLKit.framework */; };
/* End PBXBuildFile section */

/* Begin PBXContainerItemProxy section */
		520730C61F5C4EB300C95CD6 /* PBXContainerItemProxy */ = {
			isa = PBXContainerItemProxy;
			containerPortal = 520730A91F5C4EB300C95CD6 /* Project object */;
			proxyType = 1;
			remoteGlobalIDString = 520730B01F5C4EB300C95CD6;
			remoteInfo = ICUPet;
		};
		520730D11F5C4EB300C95CD6 /* PBXContainerItemProxy */ = {
			isa = PBXContainerItemProxy;
			containerPortal = 520730A91F5C4EB300C95CD6 /* Project object */;
			proxyType = 1;
			remoteGlobalIDString = 520730B01F5C4EB300C95CD6;
			remoteInfo = ICUPet;
		};
/* End PBXContainerItemProxy section */

/* Begin PBXFileReference section */
		520730B11F5C4EB300C95CD6 /* ICUPet.app */ = {isa = PBXFileReference; explicitFileType = wrapper.application; includeInIndex = 0; path = ICUPet.app; sourceTree = BUILT_PRODUCTS_DIR; };
		520730B41F5C4EB300C95CD6 /* AppDelegate.swift */ = {isa = PBXFileReference; lastKnownFileType = sourcecode.swift; path = AppDelegate.swift; sourceTree = "<group>"; };
		520730B61F5C4EB300C95CD6 /* ViewController.swift */ = {isa = PBXFileReference; lastKnownFileType = sourcecode.swift; path = ViewController.swift; sourceTree = "<group>"; };
		520730B91F5C4EB300C95CD6 /* Base */ = {isa = PBXFileReference; lastKnownFileType = file.storyboard; name = Base; path = Base.lproj/Main.storyboard; sourceTree = "<group>"; };
		520730BB1F5C4EB300C95CD6 /* Assets.xcassets */ = {isa = PBXFileReference; lastKnownFileType = folder.assetcatalog; path = Assets.xcassets; sourceTree = "<group>"; };
		520730BE1F5C4EB300C95CD6 /* Base */ = {isa = PBXFileReference; lastKnownFileType = file.storyboard; name = Base; path = Base.lproj/LaunchScreen.storyboard; sourceTree = "<group>"; };
		520730C01F5C4EB300C95CD6 /* Info.plist */ = {isa = PBXFileReference; lastKnownFileType = text.plist.xml; path = Info.plist; sourceTree = "<group>"; };
		520730C51F5C4EB300C95CD6 /* ICUPetTests.xctest */ = {isa = PBXFileReference; explicitFileType = wrapper.cfbundle; includeInIndex = 0; path = ICUPetTests.xctest; sourceTree = BUILT_PRODUCTS_DIR; };
		520730C91F5C4EB300C95CD6 /* ICUPetTests.swift */ = {isa = PBXFileReference; lastKnownFileType = sourcecode.swift; path = ICUPetTests.swift; sourceTree = "<group>"; };
		520730CB1F5C4EB300C95CD6 /* Info.plist */ = {isa = PBXFileReference; lastKnownFileType = text.plist.xml; path = Info.plist; sourceTree = "<group>"; };
		520730D01F5C4EB300C95CD6 /* ICUPetUITests.xctest */ = {isa = PBXFileReference; explicitFileType = wrapper.cfbundle; includeInIndex = 0; path = ICUPetUITests.xctest; sourceTree = BUILT_PRODUCTS_DIR; };
		520730D41F5C4EB300C95CD6 /* ICUPetUITests.swift */ = {isa = PBXFileReference; lastKnownFileType = sourcecode.swift; path = ICUPetUITests.swift; sourceTree = "<group>"; };
		520730D61F5C4EB300C95CD6 /* Info.plist */ = {isa = PBXFileReference; lastKnownFileType = text.plist.xml; path = Info.plist; sourceTree = "<group>"; };
		520730E31F5C639100C95CD6 /* MapKit.framework */ = {isa = PBXFileReference; lastKnownFileType = wrapper.framework; name = MapKit.framework; path = System/Library/Frameworks/MapKit.framework; sourceTree = SDKROOT; };
		520730E51F5C63AE00C95CD6 /* CoreLocation.framework */ = {isa = PBXFileReference; lastKnownFileType = wrapper.framework; name = CoreLocation.framework; path = System/Library/Frameworks/CoreLocation.framework; sourceTree = SDKROOT; };
		520730E71F5C6BE400C95CD6 /* CoreTelephony.framework */ = {isa = PBXFileReference; lastKnownFileType = wrapper.framework; name = CoreTelephony.framework; path = System/Library/Frameworks/CoreTelephony.framework; sourceTree = SDKROOT; };
		520730E91F5C6C1800C95CD6 /* OpenGLES.framework */ = {isa = PBXFileReference; lastKnownFileType = wrapper.framework; name = OpenGLES.framework; path = System/Library/Frameworks/OpenGLES.framework; sourceTree = SDKROOT; };
		520730EB1F5C6C2100C95CD6 /* GLKit.framework */ = {isa = PBXFileReference; lastKnownFileType = wrapper.framework; name = GLKit.framework; path = System/Library/Frameworks/GLKit.framework; sourceTree = SDKROOT; };
/* End PBXFileReference section */

/* Begin PBXFrameworksBuildPhase section */
		520730AE1F5C4EB300C95CD6 /* Frameworks */ = {
			isa = PBXFrameworksBuildPhase;
			buildActionMask = 2147483647;
			files = (
				520730EC1F5C6C2100C95CD6 /* GLKit.framework in Frameworks */,
				520730EA1F5C6C1800C95CD6 /* OpenGLES.framework in Frameworks */,
				520730E81F5C6BE400C95CD6 /* CoreTelephony.framework in Frameworks */,
				520730E61F5C63AE00C95CD6 /* CoreLocation.framework in Frameworks */,
				520730E41F5C639100C95CD6 /* MapKit.framework in Frameworks */,
			);
			runOnlyForDeploymentPostprocessing = 0;
		};
		520730C21F5C4EB300C95CD6 /* Frameworks */ = {
			isa = PBXFrameworksBuildPhase;
			buildActionMask = 2147483647;
			files = (
			);
			runOnlyForDeploymentPostprocessing = 0;
		};
		520730CD1F5C4EB300C95CD6 /* Frameworks */ = {
			isa = PBXFrameworksBuildPhase;
			buildActionMask = 2147483647;
			files = (
			);
			runOnlyForDeploymentPostprocessing = 0;
		};
/* End PBXFrameworksBuildPhase section */

/* Begin PBXGroup section */
		520730A81F5C4EB300C95CD6 = {
			isa = PBXGroup;
			children = (
				520730B31F5C4EB300C95CD6 /* ICUPet */,
				520730C81F5C4EB300C95CD6 /* ICUPetTests */,
				520730D31F5C4EB300C95CD6 /* ICUPetUITests */,
				520730B21F5C4EB300C95CD6 /* Products */,
				520730E21F5C639100C95CD6 /* Frameworks */,
			);
			sourceTree = "<group>";
		};
		520730B21F5C4EB300C95CD6 /* Products */ = {
			isa = PBXGroup;
			children = (
				520730B11F5C4EB300C95CD6 /* ICUPet.app */,
				520730C51F5C4EB300C95CD6 /* ICUPetTests.xctest */,
				520730D01F5C4EB300C95CD6 /* ICUPetUITests.xctest */,
			);
			name = Products;
			sourceTree = "<group>";
		};
		520730B31F5C4EB300C95CD6 /* ICUPet */ = {
			isa = PBXGroup;
			children = (
				520730B41F5C4EB300C95CD6 /* AppDelegate.swift */,
				520730B61F5C4EB300C95CD6 /* ViewController.swift */,
				520730B81F5C4EB300C95CD6 /* Main.storyboard */,
				520730BB1F5C4EB300C95CD6 /* Assets.xcassets */,
				520730BD1F5C4EB300C95CD6 /* LaunchScreen.storyboard */,
				520730C01F5C4EB300C95CD6 /* Info.plist */,
			);
			path = ICUPet;
			sourceTree = "<group>";
		};
		520730C81F5C4EB300C95CD6 /* ICUPetTests */ = {
			isa = PBXGroup;
			children = (
				520730C91F5C4EB300C95CD6 /* ICUPetTests.swift */,
				520730CB1F5C4EB300C95CD6 /* Info.plist */,
			);
			path = ICUPetTests;
			sourceTree = "<group>";
		};
		520730D31F5C4EB300C95CD6 /* ICUPetUITests */ = {
			isa = PBXGroup;
			children = (
				520730D41F5C4EB300C95CD6 /* ICUPetUITests.swift */,
				520730D61F5C4EB300C95CD6 /* Info.plist */,
			);
			path = ICUPetUITests;
			sourceTree = "<group>";
		};
		520730E21F5C639100C95CD6 /* Frameworks */ = {
			isa = PBXGroup;
			children = (
				520730EB1F5C6C2100C95CD6 /* GLKit.framework */,
				520730E91F5C6C1800C95CD6 /* OpenGLES.framework */,
				520730E71F5C6BE400C95CD6 /* CoreTelephony.framework */,
				520730E51F5C63AE00C95CD6 /* CoreLocation.framework */,
				520730E31F5C639100C95CD6 /* MapKit.framework */,
			);
			name = Frameworks;
			sourceTree = "<group>";
		};
/* End PBXGroup section */

/* Begin PBXNativeTarget section */
		520730B01F5C4EB300C95CD6 /* ICUPet */ = {
			isa = PBXNativeTarget;
			buildConfigurationList = 520730D91F5C4EB300C95CD6 /* Build configuration list for PBXNativeTarget "ICUPet" */;
			buildPhases = (
				520730AD1F5C4EB300C95CD6 /* Sources */,
				520730AE1F5C4EB300C95CD6 /* Frameworks */,
				520730AF1F5C4EB300C95CD6 /* Resources */,
			);
			buildRules = (
			);
			dependencies = (
			);
			name = ICUPet;
			productName = ICUPet;
			productReference = 520730B11F5C4EB300C95CD6 /* ICUPet.app */;
			productType = "com.apple.product-type.application";
		};
		520730C41F5C4EB300C95CD6 /* ICUPetTests */ = {
			isa = PBXNativeTarget;
			buildConfigurationList = 520730DC1F5C4EB300C95CD6 /* Build configuration list for PBXNativeTarget "ICUPetTests" */;
			buildPhases = (
				520730C11F5C4EB300C95CD6 /* Sources */,
				520730C21F5C4EB300C95CD6 /* Frameworks */,
				520730C31F5C4EB300C95CD6 /* Resources */,
			);
			buildRules = (
			);
			dependencies = (
				520730C71F5C4EB300C95CD6 /* PBXTargetDependency */,
			);
			name = ICUPetTests;
			productName = ICUPetTests;
			productReference = 520730C51F5C4EB300C95CD6 /* ICUPetTests.xctest */;
			productType = "com.apple.product-type.bundle.unit-test";
		};
		520730CF1F5C4EB300C95CD6 /* ICUPetUITests */ = {
			isa = PBXNativeTarget;
			buildConfigurationList = 520730DF1F5C4EB300C95CD6 /* Build configuration list for PBXNativeTarget "ICUPetUITests" */;
			buildPhases = (
				520730CC1F5C4EB300C95CD6 /* Sources */,
				520730CD1F5C4EB300C95CD6 /* Frameworks */,
				520730CE1F5C4EB300C95CD6 /* Resources */,
			);
			buildRules = (
			);
			dependencies = (
				520730D21F5C4EB300C95CD6 /* PBXTargetDependency */,
			);
			name = ICUPetUITests;
			productName = ICUPetUITests;
			productReference = 520730D01F5C4EB300C95CD6 /* ICUPetUITests.xctest */;
			productType = "com.apple.product-type.bundle.ui-testing";
		};
/* End PBXNativeTarget section */

/* Begin PBXProject section */
		520730A91F5C4EB300C95CD6 /* Project object */ = {
			isa = PBXProject;
			attributes = {
				LastSwiftUpdateCheck = 0830;
				LastUpgradeCheck = 0830;
				ORGANIZATIONNAME = "MacBook Pro";
				TargetAttributes = {
					520730B01F5C4EB300C95CD6 = {
						CreatedOnToolsVersion = 8.3.3;
						ProvisioningStyle = Automatic;
					};
					520730C41F5C4EB300C95CD6 = {
						CreatedOnToolsVersion = 8.3.3;
						ProvisioningStyle = Automatic;
						TestTargetID = 520730B01F5C4EB300C95CD6;
					};
					520730CF1F5C4EB300C95CD6 = {
						CreatedOnToolsVersion = 8.3.3;
						ProvisioningStyle = Automatic;
						TestTargetID = 520730B01F5C4EB300C95CD6;
					};
				};
			};
			buildConfigurationList = 520730AC1F5C4EB300C95CD6 /* Build configuration list for PBXProject "ICUPet" */;
			compatibilityVersion = "Xcode 3.2";
			developmentRegion = English;
			hasScannedForEncodings = 0;
			knownRegions = (
				en,
				Base,
			);
			mainGroup = 520730A81F5C4EB300C95CD6;
			productRefGroup = 520730B21F5C4EB300C95CD6 /* Products */;
			projectDirPath = "";
			projectRoot = "";
			targets = (
				520730B01F5C4EB300C95CD6 /* ICUPet */,
				520730C41F5C4EB300C95CD6 /* ICUPetTests */,
				520730CF1F5C4EB300C95CD6 /* ICUPetUITests */,
			);
		};
/* End PBXProject section */

/* Begin PBXResourcesBuildPhase section */
		520730AF1F5C4EB300C95CD6 /* Resources */ = {
			isa = PBXResourcesBuildPhase;
			buildActionMask = 2147483647;
			files = (
				520730BF1F5C4EB300C95CD6 /* LaunchScreen.storyboard in Resources */,
				520730BC1F5C4EB300C95CD6 /* Assets.xcassets in Resources */,
				520730BA1F5C4EB300C95CD6 /* Main.storyboard in Resources */,
			);
			runOnlyForDeploymentPostprocessing = 0;
		};
		520730C31F5C4EB300C95CD6 /* Resources */ = {
			isa = PBXResourcesBuildPhase;
			buildActionMask = 2147483647;
			files = (
			);
			runOnlyForDeploymentPostprocessing = 0;
		};
		520730CE1F5C4EB300C95CD6 /* Resources */ = {
			isa = PBXResourcesBuildPhase;
			buildActionMask = 2147483647;
			files = (
			);
			runOnlyForDeploymentPostprocessing = 0;
		};
/* End PBXResourcesBuildPhase section */

/* Begin PBXSourcesBuildPhase section */
		520730AD1F5C4EB300C95CD6 /* Sources */ = {
			isa = PBXSourcesBuildPhase;
			buildActionMask = 2147483647;
			files = (
				520730B71F5C4EB300C95CD6 /* ViewController.swift in Sources */,
				520730B51F5C4EB300C95CD6 /* AppDelegate.swift in Sources */,
			);
			runOnlyForDeploymentPostprocessing = 0;
		};
		520730C11F5C4EB300C95CD6 /* Sources */ = {
			isa = PBXSourcesBuildPhase;
			buildActionMask = 2147483647;
			files = (
				520730CA1F5C4EB300C95CD6 /* ICUPetTests.swift in Sources */,
			);
			runOnlyForDeploymentPostprocessing = 0;
		};
		520730CC1F5C4EB300C95CD6 /* Sources */ = {
			isa = PBXSourcesBuildPhase;
			buildActionMask = 2147483647;
			files = (
				520730D51F5C4EB300C95CD6 /* ICUPetUITests.swift in Sources */,
			);
			runOnlyForDeploymentPostprocessing = 0;
		};
/* End PBXSourcesBuildPhase section */

/* Begin PBXTargetDependency section */
		520730C71F5C4EB300C95CD6 /* PBXTargetDependency */ = {
			isa = PBXTargetDependency;
			target = 520730B01F5C4EB300C95CD6 /* ICUPet */;
			targetProxy = 520730C61F5C4EB300C95CD6 /* PBXContainerItemProxy */;
		};
		520730D21F5C4EB300C95CD6 /* PBXTargetDependency */ = {
			isa = PBXTargetDependency;
			target = 520730B01F5C4EB300C95CD6 /* ICUPet */;
			targetProxy = 520730D11F5C4EB300C95CD6 /* PBXContainerItemProxy */;
		};
/* End PBXTargetDependency section */

/* Begin PBXVariantGroup section */
		520730B81F5C4EB300C95CD6 /* Main.storyboard */ = {
			isa = PBXVariantGroup;
			children = (
				520730B91F5C4EB300C95CD6 /* Base */,
			);
			name = Main.storyboard;
			sourceTree = "<group>";
		};
		520730BD1F5C4EB300C95CD6 /* LaunchScreen.storyboard */ = {
			isa = PBXVariantGroup;
			children = (
				520730BE1F5C4EB300C95CD6 /* Base */,
			);
			name = LaunchScreen.storyboard;
			sourceTree = "<group>";
		};
/* End PBXVariantGroup section */

/* Begin XCBuildConfiguration section */
		520730D71F5C4EB300C95CD6 /* Debug */ = {
			isa = XCBuildConfiguration;
			buildSettings = {
				ALWAYS_SEARCH_USER_PATHS = NO;
				CLANG_ANALYZER_NONNULL = YES;
				CLANG_ANALYZER_NUMBER_OBJECT_CONVERSION = YES_AGGRESSIVE;
				CLANG_CXX_LANGUAGE_STANDARD = "gnu++0x";
				CLANG_CXX_LIBRARY = "libc++";
				CLANG_ENABLE_MODULES = YES;
				CLANG_ENABLE_OBJC_ARC = YES;
				CLANG_WARN_BOOL_CONVERSION = YES;
				CLANG_WARN_CONSTANT_CONVERSION = YES;
				CLANG_WARN_DIRECT_OBJC_ISA_USAGE = YES_ERROR;
				CLANG_WARN_DOCUMENTATION_COMMENTS = YES;
				CLANG_WARN_EMPTY_BODY = YES;
				CLANG_WARN_ENUM_CONVERSION = YES;
				CLANG_WARN_INFINITE_RECURSION = YES;
				CLANG_WARN_INT_CONVERSION = YES;
				CLANG_WARN_OBJC_ROOT_CLASS = YES_ERROR;
				CLANG_WARN_SUSPICIOUS_MOVE = YES;
				CLANG_WARN_UNREACHABLE_CODE = YES;
				CLANG_WARN__DUPLICATE_METHOD_MATCH = YES;
				"CODE_SIGN_IDENTITY[sdk=iphoneos*]" = "iPhone Developer";
				COPY_PHASE_STRIP = NO;
				DEBUG_INFORMATION_FORMAT = dwarf;
				ENABLE_STRICT_OBJC_MSGSEND = YES;
				ENABLE_TESTABILITY = YES;
				GCC_C_LANGUAGE_STANDARD = gnu99;
				GCC_DYNAMIC_NO_PIC = NO;
				GCC_NO_COMMON_BLOCKS = YES;
				GCC_OPTIMIZATION_LEVEL = 0;
				GCC_PREPROCESSOR_DEFINITIONS = (
					"DEBUG=1",
					"$(inherited)",
				);
				GCC_WARN_64_TO_32_BIT_CONVERSION = YES;
				GCC_WARN_ABOUT_RETURN_TYPE = YES_ERROR;
				GCC_WARN_UNDECLARED_SELECTOR = YES;
				GCC_WARN_UNINITIALIZED_AUTOS = YES_AGGRESSIVE;
				GCC_WARN_UNUSED_FUNCTION = YES;
				GCC_WARN_UNUSED_VARIABLE = YES;
				IPHONEOS_DEPLOYMENT_TARGET = 10.3;
				MTL_ENABLE_DEBUG_INFO = YES;
				ONLY_ACTIVE_ARCH = YES;
				SDKROOT = iphoneos;
				SWIFT_ACTIVE_COMPILATION_CONDITIONS = DEBUG;
				SWIFT_OPTIMIZATION_LEVEL = "-Onone";
			};
			name = Debug;
		};
		520730D81F5C4EB300C95CD6 /* Release */ = {
			isa = XCBuildConfiguration;
			buildSettings = {
				ALWAYS_SEARCH_USER_PATHS = NO;
				CLANG_ANALYZER_NONNULL = YES;
				CLANG_ANALYZER_NUMBER_OBJECT_CONVERSION = YES_AGGRESSIVE;
				CLANG_CXX_LANGUAGE_STANDARD = "gnu++0x";
				CLANG_CXX_LIBRARY = "libc++";
				CLANG_ENABLE_MODULES = YES;
				CLANG_ENABLE_OBJC_ARC = YES;
				CLANG_WARN_BOOL_CONVERSION = YES;
				CLANG_WARN_CONSTANT_CONVERSION = YES;
				CLANG_WARN_DIRECT_OBJC_ISA_USAGE = YES_ERROR;
				CLANG_WARN_DOCUMENTATION_COMMENTS = YES;
				CLANG_WARN_EMPTY_BODY = YES;
				CLANG_WARN_ENUM_CONVERSION = YES;
				CLANG_WARN_INFINITE_RECURSION = YES;
				CLANG_WARN_INT_CONVERSION = YES;
				CLANG_WARN_OBJC_ROOT_CLASS = YES_ERROR;
				CLANG_WARN_SUSPICIOUS_MOVE = YES;
				CLANG_WARN_UNREACHABLE_CODE = YES;
				CLANG_WARN__DUPLICATE_METHOD_MATCH = YES;
				"CODE_SIGN_IDENTITY[sdk=iphoneos*]" = "iPhone Developer";
				COPY_PHASE_STRIP = NO;
				DEBUG_INFORMATION_FORMAT = "dwarf-with-dsym";
				ENABLE_NS_ASSERTIONS = NO;
				ENABLE_STRICT_OBJC_MSGSEND = YES;
				GCC_C_LANGUAGE_STANDARD = gnu99;
				GCC_NO_COMMON_BLOCKS = YES;
				GCC_WARN_64_TO_32_BIT_CONVERSION = YES;
				GCC_WARN_ABOUT_RETURN_TYPE = YES_ERROR;
				GCC_WARN_UNDECLARED_SELECTOR = YES;
				GCC_WARN_UNINITIALIZED_AUTOS = YES_AGGRESSIVE;
				GCC_WARN_UNUSED_FUNCTION = YES;
				GCC_WARN_UNUSED_VARIABLE = YES;
				IPHONEOS_DEPLOYMENT_TARGET = 10.3;
				MTL_ENABLE_DEBUG_INFO = NO;
				SDKROOT = iphoneos;
				SWIFT_OPTIMIZATION_LEVEL = "-Owholemodule";
				VALIDATE_PRODUCT = YES;
			};
			name = Release;
		};
		520730DA1F5C4EB300C95CD6 /* Debug */ = {
			isa = XCBuildConfiguration;
			buildSettings = {
				ASSETCATALOG_COMPILER_APPICON_NAME = AppIcon;
				INFOPLIST_FILE = ICUPet/Info.plist;
				LD_RUNPATH_SEARCH_PATHS = "$(inherited) @executable_path/Frameworks";
				PRODUCT_BUNDLE_IDENTIFIER = com.coe.project.ICUPet;
				PRODUCT_NAME = "$(TARGET_NAME)";
				SWIFT_VERSION = 3.0;
			};
			name = Debug;
		};
		520730DB1F5C4EB300C95CD6 /* Release */ = {
			isa = XCBuildConfiguration;
			buildSettings = {
				ASSETCATALOG_COMPILER_APPICON_NAME = AppIcon;
				INFOPLIST_FILE = ICUPet/Info.plist;
				LD_RUNPATH_SEARCH_PATHS = "$(inherited) @executable_path/Frameworks";
				PRODUCT_BUNDLE_IDENTIFIER = com.coe.project.ICUPet;
				PRODUCT_NAME = "$(TARGET_NAME)";
				SWIFT_VERSION = 3.0;
			};
			name = Release;
		};
		520730DD1F5C4EB300C95CD6 /* Debug */ = {
			isa = XCBuildConfiguration;
			buildSettings = {
				ALWAYS_EMBED_SWIFT_STANDARD_LIBRARIES = YES;
				BUNDLE_LOADER = "$(TEST_HOST)";
				INFOPLIST_FILE = ICUPetTests/Info.plist;
				LD_RUNPATH_SEARCH_PATHS = "$(inherited) @executable_path/Frameworks @loader_path/Frameworks";
				PRODUCT_BUNDLE_IDENTIFIER = com.coe.project.ICUPetTests;
				PRODUCT_NAME = "$(TARGET_NAME)";
				SWIFT_VERSION = 3.0;
				TEST_HOST = "$(BUILT_PRODUCTS_DIR)/ICUPet.app/ICUPet";
			};
			name = Debug;
		};
		520730DE1F5C4EB300C95CD6 /* Release */ = {
			isa = XCBuildConfiguration;
			buildSettings = {
				ALWAYS_EMBED_SWIFT_STANDARD_LIBRARIES = YES;
				BUNDLE_LOADER = "$(TEST_HOST)";
				INFOPLIST_FILE = ICUPetTests/Info.plist;
				LD_RUNPATH_SEARCH_PATHS = "$(inherited) @executable_path/Frameworks @loader_path/Frameworks";
				PRODUCT_BUNDLE_IDENTIFIER = com.coe.project.ICUPetTests;
				PRODUCT_NAME = "$(TARGET_NAME)";
				SWIFT_VERSION = 3.0;
				TEST_HOST = "$(BUILT_PRODUCTS_DIR)/ICUPet.app/ICUPet";
			};
			name = Release;
		};
		520730E01F5C4EB300C95CD6 /* Debug */ = {
			isa = XCBuildConfiguration;
			buildSettings = {
				ALWAYS_EMBED_SWIFT_STANDARD_LIBRARIES = YES;
				INFOPLIST_FILE = ICUPetUITests/Info.plist;
				LD_RUNPATH_SEARCH_PATHS = "$(inherited) @executable_path/Frameworks @loader_path/Frameworks";
				PRODUCT_BUNDLE_IDENTIFIER = com.coe.project.ICUPetUITests;
				PRODUCT_NAME = "$(TARGET_NAME)";
				SWIFT_VERSION = 3.0;
				TEST_TARGET_NAME = ICUPet;
			};
			name = Debug;
		};
		520730E11F5C4EB300C95CD6 /* Release */ = {
			isa = XCBuildConfiguration;
			buildSettings = {
				ALWAYS_EMBED_SWIFT_STANDARD_LIBRARIES = YES;
				INFOPLIST_FILE = ICUPetUITests/Info.plist;
				LD_RUNPATH_SEARCH_PATHS = "$(inherited) @executable_path/Frameworks @loader_path/Frameworks";
				PRODUCT_BUNDLE_IDENTIFIER = com.coe.project.ICUPetUITests;
				PRODUCT_NAME = "$(TARGET_NAME)";
				SWIFT_VERSION = 3.0;
				TEST_TARGET_NAME = ICUPet;
			};
			name = Release;
		};
/* End XCBuildConfiguration section */

/* Begin XCConfigurationList section */
		520730AC1F5C4EB300C95CD6 /* Build configuration list for PBXProject "ICUPet" */ = {
			isa = XCConfigurationList;
			buildConfigurations = (
				520730D71F5C4EB300C95CD6 /* Debug */,
				520730D81F5C4EB300C95CD6 /* Release */,
			);
			defaultConfigurationIsVisible = 0;
			defaultConfigurationName = Release;
		};
		520730D91F5C4EB300C95CD6 /* Build configuration list for PBXNativeTarget "ICUPet" */ = {
			isa = XCConfigurationList;
			buildConfigurations = (
				520730DA1F5C4EB300C95CD6 /* Debug */,
				520730DB1F5C4EB300C95CD6 /* Release */,
			);
			defaultConfigurationIsVisible = 0;
		};
		520730DC1F5C4EB300C95CD6 /* Build configuration list for PBXNativeTarget "ICUPetTests" */ = {
			isa = XCConfigurationList;
			buildConfigurations = (
				520730DD1F5C4EB300C95CD6 /* Debug */,
				520730DE1F5C4EB300C95CD6 /* Release */,
			);
			defaultConfigurationIsVisible = 0;
		};
		520730DF1F5C4EB300C95CD6 /* Build configuration list for PBXNativeTarget "ICUPetUITests" */ = {
			isa = XCConfigurationList;
			buildConfigurations = (
				520730E01F5C4EB300C95CD6 /* Debug */,
				520730E11F5C4EB300C95CD6 /* Release */,
			);
			defaultConfigurationIsVisible = 0;
		};
/* End XCConfigurationList section */
	};
	rootObject = 520730A91F5C4EB300C95CD6 /* Project object */;
}
